// !$*UTF8*$!
{
	archiveVersion = 1;
	classes = {
	};
	objectVersion = 77;
	objects = {

/* Begin PBXBuildFile section */
		0D796D182F576B3B005CE115 /* Auth in Frameworks */ = {isa = PBXBuildFile; productRef = 0D796D172F576B3B005CE115 /* Auth */; };
		0D796D1A2F576B3B005CE115 /* Functions in Frameworks */ = {isa = PBXBuildFile; productRef = 0D796D192F576B3B005CE115 /* Functions */; };
		0D796D1C2F576B3B005CE115 /* PostgREST in Frameworks */ = {isa = PBXBuildFile; productRef = 0D796D1B2F576B3B005CE115 /* PostgREST */; };
		0D796D1E2F576B3B005CE115 /* Realtime in Frameworks */ = {isa = PBXBuildFile; productRef = 0D796D1D2F576B3B005CE115 /* Realtime */; };
		0D796D202F576B3B005CE115 /* Storage in Frameworks */ = {isa = PBXBuildFile; productRef = 0D796D1F2F576B3B005CE115 /* Storage */; };
		0D796D222F576B3B005CE115 /* Supabase in Frameworks */ = {isa = PBXBuildFile; productRef = 0D796D212F576B3B005CE115 /* Supabase */; };
		30877432D1026706D7E805DA /* AnimationPolicyTests.swift in Sources */ = {isa = PBXBuildFile; fileRef = 846A32C3BB81E3C29B621791 /* AnimationPolicyTests.swift */; };
		73C8EB5BB682575EC87A171A /* ActionIconMapperTests.swift in Sources */ = {isa = PBXBuildFile; fileRef = C826A6FCE48478DCB74F2135 /* ActionIconMapperTests.swift */; };
		846A32C3BB81E3C29B621792 /* HapticEngineTests.swift in Sources */ = {isa = PBXBuildFile; fileRef = 73C8EB5BB682575EC87A171B /* HapticEngineTests.swift */; };
		A1B2C3D4E5F6A7B8C9D0E1F2 /* Vortex in Frameworks */ = {isa = PBXBuildFile; productRef = A1B2C3D4E5F6A7B8C9D0E1F3 /* Vortex */; };
		A1B2C3D4E5F6A7B8C9D0E1F4 /* Lottie in Frameworks */ = {isa = PBXBuildFile; productRef = A1B2C3D4E5F6A7B8C9D0E1F5 /* Lottie */; };
		B3C4D5E6F7A8B9C0D1E2F3A4 /* CelebrationStateTests.swift in Sources */ = {isa = PBXBuildFile; fileRef = B3C4D5E6F7A8B9C0D1E2F3A5 /* CelebrationStateTests.swift */; };
		C7D8E9F0A1B2C3D4E5F6A7B8 /* OrderingTests.swift in Sources */ = {isa = PBXBuildFile; fileRef = C7D8E9F0A1B2C3D4E5F6A7B9 /* OrderingTests.swift */; };
		D8E9F0A1B2C3D4E5F6A7B8C9 /* PostCompletionSheetTests.swift in Sources */ = {isa = PBXBuildFile; fileRef = D8E9F0A1B2C3D4E5F6A7B8CA /* PostCompletionSheetTests.swift */; };
/* End PBXBuildFile section */

/* Begin PBXContainerItemProxy section */
		C59C0996DAEEE6F529A27976 /* PBXContainerItemProxy */ = {
			isa = PBXContainerItemProxy;
			containerPortal = 0D2520672F57455E00219D62 /* Project object */;
			proxyType = 1;
			remoteGlobalIDString = 0D25206E2F57455E00219D62;
			remoteInfo = Abimo;
		};
/* End PBXContainerItemProxy section */

/* Begin PBXFileReference section */
		0D25206F2F57455E00219D62 /* Abimo.app */ = {isa = PBXFileReference; explicitFileType = wrapper.application; includeInIndex = 0; path = Abimo.app; sourceTree = BUILT_PRODUCTS_DIR; };
		73C8EB5BB682575EC87A171B /* HapticEngineTests.swift */ = {isa = PBXFileReference; lastKnownFileType = sourcecode.swift; path = HapticEngineTests.swift; sourceTree = "<group>"; };
		7B95E909348334896A68F812 /* AbimoTests.xctest */ = {isa = PBXFileReference; explicitFileType = wrapper.cfbundle; includeInIndex = 0; path = AbimoTests.xctest; sourceTree = BUILT_PRODUCTS_DIR; };
		846A32C3BB81E3C29B621791 /* AnimationPolicyTests.swift */ = {isa = PBXFileReference; lastKnownFileType = sourcecode.swift; path = AnimationPolicyTests.swift; sourceTree = "<group>"; };
		B3C4D5E6F7A8B9C0D1E2F3A5 /* CelebrationStateTests.swift */ = {isa = PBXFileReference; lastKnownFileType = sourcecode.swift; path = CelebrationStateTests.swift; sourceTree = "<group>"; };
		C826A6FCE48478DCB74F2135 /* ActionIconMapperTests.swift */ = {isa = PBXFileReference; lastKnownFileType = sourcecode.swift; path = ActionIconMapperTests.swift; sourceTree = "<group>"; };
		C7D8E9F0A1B2C3D4E5F6A7B9 /* OrderingTests.swift */ = {isa = PBXFileReference; lastKnownFileType = sourcecode.swift; path = OrderingTests.swift; sourceTree = "<group>"; };
		D8E9F0A1B2C3D4E5F6A7B8CA /* PostCompletionSheetTests.swift */ = {isa = PBXFileReference; lastKnownFileType = sourcecode.swift; path = PostCompletionSheetTests.swift; sourceTree = "<group>"; };
/* End PBXFileReference section */

/* Begin PBXFileSystemSynchronizedBuildFileExceptionSet section */
		0D796D242F576BBD005CE115 /* Exceptions for "Abimo" folder in "Abimo" target */ = {
			isa = PBXFileSystemSynchronizedBuildFileExceptionSet;
			membershipExceptions = (
				Info.plist,
			);
			target = 0D25206E2F57455E00219D62 /* Abimo */;
		};
/* End PBXFileSystemSynchronizedBuildFileExceptionSet section */

/* Begin PBXFileSystemSynchronizedRootGroup section */
		0D2520712F57455E00219D62 /* Abimo */ = {
			isa = PBXFileSystemSynchronizedRootGroup;
			exceptions = (
				0D796D242F576BBD005CE115 /* Exceptions for "Abimo" folder in "Abimo" target */,
			);
			path = Abimo;
			sourceTree = "<group>";
		};
/* End PBXFileSystemSynchronizedRootGroup section */

/* Begin PBXFrameworksBuildPhase section */
		0D25206C2F57455E00219D62 /* Frameworks */ = {
			isa = PBXFrameworksBuildPhase;
			buildActionMask = 2147483647;
			files = (
				0D796D1C2F576B3B005CE115 /* PostgREST in Frameworks */,
				0D796D1A2F576B3B005CE115 /* Functions in Frameworks */,
				0D796D222F576B3B005CE115 /* Supabase in Frameworks */,
				0D796D182F576B3B005CE115 /* Auth in Frameworks */,
				0D796D202F576B3B005CE115 /* Storage in Frameworks */,
				0D796D1E2F576B3B005CE115 /* Realtime in Frameworks */,
				A1B2C3D4E5F6A7B8C9D0E1F2 /* Vortex in Frameworks */,
				A1B2C3D4E5F6A7B8C9D0E1F4 /* Lottie in Frameworks */,
			);
			runOnlyForDeploymentPostprocessing = 0;
		};
		D58E72E310275DFF6C15C0C8 /* Frameworks */ = {
			isa = PBXFrameworksBuildPhase;
			buildActionMask = 2147483647;
			files = (
			);
			runOnlyForDeploymentPostprocessing = 0;
		};
/* End PBXFrameworksBuildPhase section */

/* Begin PBXGroup section */
		0D2520662F57455E00219D62 = {
			isa = PBXGroup;
			children = (
				0D2520712F57455E00219D62 /* Abimo */,
				CBEE3772A077021721A278F6 /* AbimoTests */,
				0D2520702F57455E00219D62 /* Products */,
			);
			sourceTree = "<group>";
		};
		0D2520702F57455E00219D62 /* Products */ = {
			isa = PBXGroup;
			children = (
				0D25206F2F57455E00219D62 /* Abimo.app */,
				7B95E909348334896A68F812 /* AbimoTests.xctest */,
			);
			name = Products;
			sourceTree = "<group>";
		};
		CBEE3772A077021721A278F6 /* AbimoTests */ = {
			isa = PBXGroup;
			children = (
				846A32C3BB81E3C29B621791 /* AnimationPolicyTests.swift */,
				73C8EB5BB682575EC87A171B /* HapticEngineTests.swift */,
				C826A6FCE48478DCB74F2135 /* ActionIconMapperTests.swift */,
				B3C4D5E6F7A8B9C0D1E2F3A5 /* CelebrationStateTests.swift */,
				C7D8E9F0A1B2C3D4E5F6A7B9 /* OrderingTests.swift */,
				D8E9F0A1B2C3D4E5F6A7B8CA /* PostCompletionSheetTests.swift */,
			);
			path = AbimoTests;
			sourceTree = "<group>";
		};
/* End PBXGroup section */

/* Begin PBXNativeTarget section */
		0D25206E2F57455E00219D62 /* Abimo */ = {
			isa = PBXNativeTarget;
			buildConfigurationList = 0D25207A2F57455F00219D62 /* Build configuration list for PBXNativeTarget "Abimo" */;
			buildPhases = (
				0D25206B2F57455E00219D62 /* Sources */,
				0D25206C2F57455E00219D62 /* Frameworks */,
				0D25206D2F57455E00219D62 /* Resources */,
			);
			buildRules = (
			);
			dependencies = (
			);
			fileSystemSynchronizedGroups = (
				0D2520712F57455E00219D62 /* Abimo */,
			);
			name = Abimo;
			packageProductDependencies = (
				0D796D172F576B3B005CE115 /* Auth */,
				0D796D192F576B3B005CE115 /* Functions */,
				0D796D1B2F576B3B005CE115 /* PostgREST */,
				0D796D1D2F576B3B005CE115 /* Realtime */,
				0D796D1F2F576B3B005CE115 /* Storage */,
				0D796D212F576B3B005CE115 /* Supabase */,
				A1B2C3D4E5F6A7B8C9D0E1F3 /* Vortex */,
				A1B2C3D4E5F6A7B8C9D0E1F5 /* Lottie */,
			);
			productName = Abimo;
			productReference = 0D25206F2F57455E00219D62 /* Abimo.app */;
			productType = "com.apple.product-type.application";
		};
		12DA86A78C49EA20E32684B2 /* AbimoTests */ = {
			isa = PBXNativeTarget;
			buildConfigurationList = D810A485ED03241B4D419B1B /* Build configuration list for PBXNativeTarget "AbimoTests" */;
			buildPhases = (
				4F7FD633DBDDE131CA3766E4 /* Sources */,
				D58E72E310275DFF6C15C0C8 /* Frameworks */,
				E9DF469611A11F5125227C37 /* Resources */,
			);
			buildRules = (
			);
			dependencies = (
				D3C681D06BD2AA399DAC946D /* PBXTargetDependency */,
			);
			name = AbimoTests;
			productName = AbimoTests;
			productReference = 7B95E909348334896A68F812 /* AbimoTests.xctest */;
			productType = "com.apple.product-type.bundle.unit-test";
		};
/* End PBXNativeTarget section */

/* Begin PBXProject section */
		0D2520672F57455E00219D62 /* Project object */ = {
			isa = PBXProject;
			attributes = {
				BuildIndependentTargetsInParallel = 1;
				LastSwiftUpdateCheck = 2620;
				LastUpgradeCheck = 2620;
				TargetAttributes = {
					0D25206E2F57455E00219D62 = {
						CreatedOnToolsVersion = 26.2;
					};
					12DA86A78C49EA20E32684B2 = {
						CreatedOnToolsVersion = 26.2;
						TestTargetID = 0D25206E2F57455E00219D62;
					};
				};
			};
			buildConfigurationList = 0D25206A2F57455E00219D62 /* Build configuration list for PBXProject "Abimo" */;
			developmentRegion = en;
			hasScannedForEncodings = 0;
			knownRegions = (
				en,
				Base,
			);
			mainGroup = 0D2520662F57455E00219D62;
			minimizedProjectReferenceProxies = 1;
			packageReferences = (
				0D796D162F576B3B005CE115 /* XCRemoteSwiftPackageReference "supabase-swift" */,
				A1B2C3D4E5F6A7B8C9D0E1F8 /* XCRemoteSwiftPackageReference "Vortex" */,
				A1B2C3D4E5F6A7B8C9D0E1F9 /* XCRemoteSwiftPackageReference "lottie-spm" */,
			);
			preferredProjectObjectVersion = 77;
			productRefGroup = 0D2520702F57455E00219D62 /* Products */;
			projectDirPath = "";
			projectRoot = "";
			targets = (
				0D25206E2F57455E00219D62 /* Abimo */,
				12DA86A78C49EA20E32684B2 /* AbimoTests */,
			);
		};
/* End PBXProject section */

/* Begin PBXResourcesBuildPhase section */
		0D25206D2F57455E00219D62 /* Resources */ = {
			isa = PBXResourcesBuildPhase;
			buildActionMask = 2147483647;
			files = (
			);
			runOnlyForDeploymentPostprocessing = 0;
		};
		E9DF469611A11F5125227C37 /* Resources */ = {
			isa = PBXResourcesBuildPhase;
			buildActionMask = 2147483647;
			files = (
			);
			runOnlyForDeploymentPostprocessing = 0;
		};
/* End PBXResourcesBuildPhase section */

/* Begin PBXSourcesBuildPhase section */
		0D25206B2F57455E00219D62 /* Sources */ = {
			isa = PBXSourcesBuildPhase;
			buildActionMask = 2147483647;
			files = (
			);
			runOnlyForDeploymentPostprocessing = 0;
		};
		4F7FD633DBDDE131CA3766E4 /* Sources */ = {
			isa = PBXSourcesBuildPhase;
			buildActionMask = 2147483647;
			files = (
				30877432D1026706D7E805DA /* AnimationPolicyTests.swift in Sources */,
				846A32C3BB81E3C29B621792 /* HapticEngineTests.swift in Sources */,
				73C8EB5BB682575EC87A171A /* ActionIconMapperTests.swift in Sources */,
				B3C4D5E6F7A8B9C0D1E2F3A4 /* CelebrationStateTests.swift in Sources */,
				C7D8E9F0A1B2C3D4E5F6A7B8 /* OrderingTests.swift in Sources */,
				D8E9F0A1B2C3D4E5F6A7B8C9 /* PostCompletionSheetTests.swift in Sources */,
			);
			runOnlyForDeploymentPostprocessing = 0;
		};
/* End PBXSourcesBuildPhase section */

/* Begin PBXTargetDependency section */
		D3C681D06BD2AA399DAC946D /* PBXTargetDependency */ = {
			isa = PBXTargetDependency;
			target = 0D25206E2F57455E00219D62 /* Abimo */;
			targetProxy = C59C0996DAEEE6F529A27976 /* PBXContainerItemProxy */;
		};
/* End PBXTargetDependency section */

/* Begin XCBuildConfiguration section */
		0D2520782F57455F00219D62 /* Debug */ = {
			isa = XCBuildConfiguration;
			buildSettings = {
				ALWAYS_SEARCH_USER_PATHS = NO;
				ASSETCATALOG_COMPILER_GENERATE_SWIFT_ASSET_SYMBOL_EXTENSIONS = YES;
				CLANG_ANALYZER_NONNULL = YES;
				CLANG_ANALYZER_NUMBER_OBJECT_CONVERSION = YES_AGGRESSIVE;
				CLANG_CXX_LANGUAGE_STANDARD = "gnu++20";
				CLANG_ENABLE_MODULES = YES;
				CLANG_ENABLE_OBJC_ARC = YES;
				CLANG_ENABLE_OBJC_WEAK = YES;
				CLANG_WARN_BLOCK_CAPTURE_AUTORELEASING = YES;
				CLANG_WARN_BOOL_CONVERSION = YES;
				CLANG_WARN_COMMA = YES;
				CLANG_WARN_CONSTANT_CONVERSION = YES;
				CLANG_WARN_DEPRECATED_OBJC_IMPLEMENTATIONS = YES;
				CLANG_WARN_DIRECT_OBJC_ISA_USAGE = YES_ERROR;
				CLANG_WARN_DOCUMENTATION_COMMENTS = YES;
				CLANG_WARN_EMPTY_BODY = YES;
				CLANG_WARN_ENUM_CONVERSION = YES;
				CLANG_WARN_INFINITE_RECURSION = YES;
				CLANG_WARN_INT_CONVERSION = YES;
				CLANG_WARN_NON_LITERAL_NULL_CONVERSION = YES;
				CLANG_WARN_OBJC_IMPLICIT_RETAIN_SELF = YES;
				CLANG_WARN_OBJC_LITERAL_CONVERSION = YES;
				CLANG_WARN_OBJC_ROOT_CLASS = YES_ERROR;
				CLANG_WARN_QUOTED_INCLUDE_IN_FRAMEWORK_HEADER = YES;
				CLANG_WARN_RANGE_LOOP_ANALYSIS = YES;
				CLANG_WARN_STRICT_PROTOTYPES = YES;
				CLANG_WARN_SUSPICIOUS_MOVE = YES;
				CLANG_WARN_UNGUARDED_AVAILABILITY = YES_AGGRESSIVE;
				CLANG_WARN_UNREACHABLE_CODE = YES;
				CLANG_WARN__DUPLICATE_METHOD_MATCH = YES;
				COPY_PHASE_STRIP = NO;
				DEBUG_INFORMATION_FORMAT = dwarf;
				ENABLE_STRICT_OBJC_MSGSEND = YES;
				ENABLE_TESTABILITY = YES;
				ENABLE_USER_SCRIPT_SANDBOXING = YES;
				GCC_C_LANGUAGE_STANDARD = gnu17;
				GCC_DYNAMIC_NO_PIC = NO;
				GCC_NO_COMMON_BLOCKS = YES;
				GCC_OPTIMIZATION_LEVEL = 0;
				GCC_PREPROCESSOR_DEFINITIONS = (
					"DEBUG=1",
					"$(inherited)",
				);
				GCC_WARN_64_TO_32_BIT_CONVERSION = YES;
				GCC_WARN_ABOUT_RETURN_TYPE = YES_ERROR;
				GCC_WARN_UNDECLARED_SELECTOR = YES;
				GCC_WARN_UNINITIALIZED_AUTOS = YES_AGGRESSIVE;
				GCC_WARN_UNUSED_FUNCTION = YES;
				GCC_WARN_UNUSED_VARIABLE = YES;
				LOCALIZATION_PREFERS_STRING_CATALOGS = YES;
				MTL_ENABLE_DEBUG_INFO = INCLUDE_SOURCE;
				MTL_FAST_MATH = YES;
				ONLY_ACTIVE_ARCH = YES;
				SWIFT_ACTIVE_COMPILATION_CONDITIONS = "DEBUG $(inherited)";
				SWIFT_OPTIMIZATION_LEVEL = "-Onone";
			};
			name = Debug;
		};
		0D2520792F57455F00219D62 /* Release */ = {
			isa = XCBuildConfiguration;
			buildSettings = {
				ALWAYS_SEARCH_USER_PATHS = NO;
				ASSETCATALOG_COMPILER_GENERATE_SWIFT_ASSET_SYMBOL_EXTENSIONS = YES;
				CLANG_ANALYZER_NONNULL = YES;
				CLANG_ANALYZER_NUMBER_OBJECT_CONVERSION = YES_AGGRESSIVE;
				CLANG_CXX_LANGUAGE_STANDARD = "gnu++20";
				CLANG_ENABLE_MODULES = YES;
				CLANG_ENABLE_OBJC_ARC = YES;
				CLANG_ENABLE_OBJC_WEAK = YES;
				CLANG_WARN_BLOCK_CAPTURE_AUTORELEASING = YES;
				CLANG_WARN_BOOL_CONVERSION = YES;
				CLANG_WARN_COMMA = YES;
				CLANG_WARN_CONSTANT_CONVERSION = YES;
				CLANG_WARN_DEPRECATED_OBJC_IMPLEMENTATIONS = YES;
				CLANG_WARN_DIRECT_OBJC_ISA_USAGE = YES_ERROR;
				CLANG_WARN_DOCUMENTATION_COMMENTS = YES;
				CLANG_WARN_EMPTY_BODY = YES;
				CLANG_WARN_ENUM_CONVERSION = YES;
				CLANG_WARN_INFINITE_RECURSION = YES;
				CLANG_WARN_INT_CONVERSION = YES;
				CLANG_WARN_NON_LITERAL_NULL_CONVERSION = YES;
				CLANG_WARN_OBJC_IMPLICIT_RETAIN_SELF = YES;
				CLANG_WARN_OBJC_LITERAL_CONVERSION = YES;
				CLANG_WARN_OBJC_ROOT_CLASS = YES_ERROR;
				CLANG_WARN_QUOTED_INCLUDE_IN_FRAMEWORK_HEADER = YES;
				CLANG_WARN_RANGE_LOOP_ANALYSIS = YES;
				CLANG_WARN_STRICT_PROTOTYPES = YES;
				CLANG_WARN_SUSPICIOUS_MOVE = YES;
				CLANG_WARN_UNGUARDED_AVAILABILITY = YES_AGGRESSIVE;
				CLANG_WARN_UNREACHABLE_CODE = YES;
				CLANG_WARN__DUPLICATE_METHOD_MATCH = YES;
				COPY_PHASE_STRIP = NO;
				DEBUG_INFORMATION_FORMAT = "dwarf-with-dsym";
				ENABLE_NS_ASSERTIONS = NO;
				ENABLE_STRICT_OBJC_MSGSEND = YES;
				ENABLE_USER_SCRIPT_SANDBOXING = YES;
				GCC_C_LANGUAGE_STANDARD = gnu17;
				GCC_NO_COMMON_BLOCKS = YES;
				GCC_WARN_64_TO_32_BIT_CONVERSION = YES;
				GCC_WARN_ABOUT_RETURN_TYPE = YES_ERROR;
				GCC_WARN_UNDECLARED_SELECTOR = YES;
				GCC_WARN_UNINITIALIZED_AUTOS = YES_AGGRESSIVE;
				GCC_WARN_UNUSED_FUNCTION = YES;
				GCC_WARN_UNUSED_VARIABLE = YES;
				LOCALIZATION_PREFERS_STRING_CATALOGS = YES;
				MTL_ENABLE_DEBUG_INFO = NO;
				MTL_FAST_MATH = YES;
				SWIFT_COMPILATION_MODE = wholemodule;
			};
			name = Release;
		};
		0D25207B2F57455F00219D62 /* Debug */ = {
			isa = XCBuildConfiguration;
			buildSettings = {
				ASSETCATALOG_COMPILER_APPICON_NAME = AppIcon;
				ASSETCATALOG_COMPILER_GLOBAL_ACCENT_COLOR_NAME = AccentColor;
				CODE_SIGN_STYLE = Automatic;
				CURRENT_PROJECT_VERSION = 1;
				DEVELOPMENT_TEAM = VMFBV25WD2;
				ENABLE_APP_SANDBOX = YES;
				ENABLE_PREVIEWS = YES;
				ENABLE_USER_SELECTED_FILES = readonly;
				GENERATE_INFOPLIST_FILE = YES;
				INFOPLIST_FILE = Abimo/Info.plist;
				INFOPLIST_KEY_NSMicrophoneUsageDescription = "We need microphone permission to record your voice notes";
				INFOPLIST_KEY_NSSpeechRecognitionUsageDescription = "We need speech recognition to transcribe your recordings";
				"INFOPLIST_KEY_UIApplicationSceneManifest_Generation[sdk=iphoneos*]" = YES;
				"INFOPLIST_KEY_UIApplicationSceneManifest_Generation[sdk=iphonesimulator*]" = YES;
				"INFOPLIST_KEY_UIApplicationSupportsIndirectInputEvents[sdk=iphoneos*]" = YES;
				"INFOPLIST_KEY_UIApplicationSupportsIndirectInputEvents[sdk=iphonesimulator*]" = YES;
				"INFOPLIST_KEY_UILaunchScreen_Generation[sdk=iphoneos*]" = YES;
				"INFOPLIST_KEY_UILaunchScreen_Generation[sdk=iphonesimulator*]" = YES;
				"INFOPLIST_KEY_UIStatusBarStyle[sdk=iphoneos*]" = UIStatusBarStyleDefault;
				"INFOPLIST_KEY_UIStatusBarStyle[sdk=iphonesimulator*]" = UIStatusBarStyleDefault;
				INFOPLIST_KEY_UISupportedInterfaceOrientations_iPad = "UIInterfaceOrientationPortrait UIInterfaceOrientationPortraitUpsideDown UIInterfaceOrientationLandscapeLeft UIInterfaceOrientationLandscapeRight";
				INFOPLIST_KEY_UISupportedInterfaceOrientations_iPhone = "UIInterfaceOrientationPortrait UIInterfaceOrientationLandscapeLeft UIInterfaceOrientationLandscapeRight";
				IPHONEOS_DEPLOYMENT_TARGET = 26.2;
				LD_RUNPATH_SEARCH_PATHS = "@executable_path/Frameworks";
				"LD_RUNPATH_SEARCH_PATHS[sdk=macosx*]" = "@executable_path/../Frameworks";
				MACOSX_DEPLOYMENT_TARGET = 26.2;
				MARKETING_VERSION = 1.0;
				PRODUCT_BUNDLE_IDENTIFIER = com.mars.Abimo;
				PRODUCT_NAME = "$(TARGET_NAME)";
				REGISTER_APP_GROUPS = YES;
				SDKROOT = auto;
				STRING_CATALOG_GENERATE_SYMBOLS = YES;
				SUPPORTED_PLATFORMS = "iphoneos iphonesimulator macosx xros xrsimulator";
				SWIFT_APPROACHABLE_CONCURRENCY = YES;
				SWIFT_DEFAULT_ACTOR_ISOLATION = MainActor;
				SWIFT_EMIT_LOC_STRINGS = YES;
				SWIFT_UPCOMING_FEATURE_MEMBER_IMPORT_VISIBILITY = YES;
				SWIFT_VERSION = 5.0;
				TARGETED_DEVICE_FAMILY = "1,2,7";
				XROS_DEPLOYMENT_TARGET = 26.2;
			};
			name = Debug;
		};
		0D25207C2F57455F00219D62 /* Release */ = {
			isa = XCBuildConfiguration;
			buildSettings = {
				ASSETCATALOG_COMPILER_APPICON_NAME = AppIcon;
				ASSETCATALOG_COMPILER_GLOBAL_ACCENT_COLOR_NAME = AccentColor;
				CODE_SIGN_STYLE = Automatic;
				CURRENT_PROJECT_VERSION = 1;
				DEVELOPMENT_TEAM = VMFBV25WD2;
				ENABLE_APP_SANDBOX = YES;
				ENABLE_PREVIEWS = YES;
				ENABLE_USER_SELECTED_FILES = readonly;
				GENERATE_INFOPLIST_FILE = YES;
				INFOPLIST_FILE = Abimo/Info.plist;
				INFOPLIST_KEY_NSMicrophoneUsageDescription = "We need microphone permission to record your voice notes";
				INFOPLIST_KEY_NSSpeechRecognitionUsageDescription = "We need speech recognition to transcribe your recordings";
				"INFOPLIST_KEY_UIApplicationSceneManifest_Generation[sdk=iphoneos*]" = YES;
				"INFOPLIST_KEY_UIApplicationSceneManifest_Generation[sdk=iphonesimulator*]" = YES;
				"INFOPLIST_KEY_UIApplicationSupportsIndirectInputEvents[sdk=iphoneos*]" = YES;
				"INFOPLIST_KEY_UIApplicationSupportsIndirectInputEvents[sdk=iphonesimulator*]" = YES;
				"INFOPLIST_KEY_UILaunchScreen_Generation[sdk=iphoneos*]" = YES;
				"INFOPLIST_KEY_UILaunchScreen_Generation[sdk=iphonesimulator*]" = YES;
				"INFOPLIST_KEY_UIStatusBarStyle[sdk=iphoneos*]" = UIStatusBarStyleDefault;
				"INFOPLIST_KEY_UIStatusBarStyle[sdk=iphonesimulator*]" = UIStatusBarStyleDefault;
				INFOPLIST_KEY_UISupportedInterfaceOrientations_iPad = "UIInterfaceOrientationPortrait UIInterfaceOrientationPortraitUpsideDown UIInterfaceOrientationLandscapeLeft UIInterfaceOrientationLandscapeRight";
				INFOPLIST_KEY_UISupportedInterfaceOrientations_iPhone = "UIInterfaceOrientationPortrait UIInterfaceOrientationLandscapeLeft UIInterfaceOrientationLandscapeRight";
				IPHONEOS_DEPLOYMENT_TARGET = 26.2;
				LD_RUNPATH_SEARCH_PATHS = "@executable_path/Frameworks";
				"LD_RUNPATH_SEARCH_PATHS[sdk=macosx*]" = "@executable_path/../Frameworks";
				MACOSX_DEPLOYMENT_TARGET = 26.2;
				MARKETING_VERSION = 1.0;
				PRODUCT_BUNDLE_IDENTIFIER = com.mars.Abimo;
				PRODUCT_NAME = "$(TARGET_NAME)";
				REGISTER_APP_GROUPS = YES;
				SDKROOT = auto;
				STRING_CATALOG_GENERATE_SYMBOLS = YES;
				SUPPORTED_PLATFORMS = "iphoneos iphonesimulator macosx xros xrsimulator";
				SWIFT_APPROACHABLE_CONCURRENCY = YES;
				SWIFT_DEFAULT_ACTOR_ISOLATION = MainActor;
				SWIFT_EMIT_LOC_STRINGS = YES;
				SWIFT_UPCOMING_FEATURE_MEMBER_IMPORT_VISIBILITY = YES;
				SWIFT_VERSION = 5.0;
				TARGETED_DEVICE_FAMILY = "1,2,7";
				XROS_DEPLOYMENT_TARGET = 26.2;
			};
			name = Release;
		};
		673BD4755D05AD7853C1F76E /* Debug */ = {
			isa = XCBuildConfiguration;
			buildSettings = {
				BUNDLE_LOADER = "$(TEST_HOST)";
				CODE_SIGN_STYLE = Automatic;
				DEVELOPMENT_TEAM = VMFBV25WD2;
				GENERATE_INFOPLIST_FILE = YES;
				IPHONEOS_DEPLOYMENT_TARGET = 26.2;
				MACOSX_DEPLOYMENT_TARGET = 26.2;
				PRODUCT_BUNDLE_IDENTIFIER = com.mars.AbimoTests;
				PRODUCT_NAME = "$(TARGET_NAME)";
				SDKROOT = auto;
				SUPPORTED_PLATFORMS = "iphoneos iphonesimulator macosx xros xrsimulator";
				SWIFT_VERSION = 5.0;
				TARGETED_DEVICE_FAMILY = "1,2,7";
				TEST_HOST = "$(BUILT_PRODUCTS_DIR)/Abimo.app/$(BUNDLE_EXECUTABLE_FOLDER_PATH)/Abimo";
				XROS_DEPLOYMENT_TARGET = 26.2;
			};
			name = Debug;
		};
		B97706CA828BCA0385813DBA /* Release */ = {
			isa = XCBuildConfiguration;
			buildSettings = {
				BUNDLE_LOADER = "$(TEST_HOST)";
				CODE_SIGN_STYLE = Automatic;
				DEVELOPMENT_TEAM = VMFBV25WD2;
				GENERATE_INFOPLIST_FILE = YES;
				IPHONEOS_DEPLOYMENT_TARGET = 26.2;
				MACOSX_DEPLOYMENT_TARGET = 26.2;
				PRODUCT_BUNDLE_IDENTIFIER = com.mars.AbimoTests;
				PRODUCT_NAME = "$(TARGET_NAME)";
				SDKROOT = auto;
				SUPPORTED_PLATFORMS = "iphoneos iphonesimulator macosx xros xrsimulator";
				SWIFT_VERSION = 5.0;
				TARGETED_DEVICE_FAMILY = "1,2,7";
				TEST_HOST = "$(BUILT_PRODUCTS_DIR)/Abimo.app/$(BUNDLE_EXECUTABLE_FOLDER_PATH)/Abimo";
				XROS_DEPLOYMENT_TARGET = 26.2;
			};
			name = Release;
		};
/* End XCBuildConfiguration section */

/* Begin XCConfigurationList section */
		0D25206A2F57455E00219D62 /* Build configuration list for PBXProject "Abimo" */ = {
			isa = XCConfigurationList;
			buildConfigurations = (
				0D2520782F57455F00219D62 /* Debug */,
				0D2520792F57455F00219D62 /* Release */,
			);
			defaultConfigurationIsVisible = 0;
			defaultConfigurationName = Release;
		};
		0D25207A2F57455F00219D62 /* Build configuration list for PBXNativeTarget "Abimo" */ = {
			isa = XCConfigurationList;
			buildConfigurations = (
				0D25207B2F57455F00219D62 /* Debug */,
				0D25207C2F57455F00219D62 /* Release */,
			);
			defaultConfigurationIsVisible = 0;
			defaultConfigurationName = Release;
		};
		D810A485ED03241B4D419B1B /* Build configuration list for PBXNativeTarget "AbimoTests" */ = {
			isa = XCConfigurationList;
			buildConfigurations = (
				673BD4755D05AD7853C1F76E /* Debug */,
				B97706CA828BCA0385813DBA /* Release */,
			);
			defaultConfigurationIsVisible = 0;
			defaultConfigurationName = Release;
		};
/* End XCConfigurationList section */

/* Begin XCRemoteSwiftPackageReference section */
		0D796D162F576B3B005CE115 /* XCRemoteSwiftPackageReference "supabase-swift" */ = {
			isa = XCRemoteSwiftPackageReference;
			repositoryURL = "https://github.com/supabase/supabase-swift";
			requirement = {
				kind = upToNextMajorVersion;
				minimumVersion = 2.5.1;
			};
		};
		A1B2C3D4E5F6A7B8C9D0E1F8 /* XCRemoteSwiftPackageReference "Vortex" */ = {
			isa = XCRemoteSwiftPackageReference;
			repositoryURL = "https://github.com/twostraws/Vortex";
			requirement = {
				kind = upToNextMajorVersion;
				minimumVersion = 1.0.0;
			};
		};
		A1B2C3D4E5F6A7B8C9D0E1F9 /* XCRemoteSwiftPackageReference "lottie-spm" */ = {
			isa = XCRemoteSwiftPackageReference;
			repositoryURL = "https://github.com/airbnb/lottie-spm";
			requirement = {
				kind = upToNextMajorVersion;
				minimumVersion = 4.5.0;
			};
		};
/* End XCRemoteSwiftPackageReference section */

/* Begin XCSwiftPackageProductDependency section */
		0D796D172F576B3B005CE115 /* Auth */ = {
			isa = XCSwiftPackageProductDependency;
			package = 0D796D162F576B3B005CE115 /* XCRemoteSwiftPackageReference "supabase-swift" */;
			productName = Auth;
		};
		0D796D192F576B3B005CE115 /* Functions */ = {
			isa = XCSwiftPackageProductDependency;
			package = 0D796D162F576B3B005CE115 /* XCRemoteSwiftPackageReference "supabase-swift" */;
			productName = Functions;
		};
		0D796D1B2F576B3B005CE115 /* PostgREST */ = {
			isa = XCSwiftPackageProductDependency;
			package = 0D796D162F576B3B005CE115 /* XCRemoteSwiftPackageReference "supabase-swift" */;
			productName = PostgREST;
		};
		0D796D1D2F576B3B005CE115 /* Realtime */ = {
			isa = XCSwiftPackageProductDependency;
			package = 0D796D162F576B3B005CE115 /* XCRemoteSwiftPackageReference "supabase-swift" */;
			productName = Realtime;
		};
		0D796D1F2F576B3B005CE115 /* Storage */ = {
			isa = XCSwiftPackageProductDependency;
			package = 0D796D162F576B3B005CE115 /* XCRemoteSwiftPackageReference "supabase-swift" */;
			productName = Storage;
		};
		0D796D212F576B3B005CE115 /* Supabase */ = {
			isa = XCSwiftPackageProductDependency;
			package = 0D796D162F576B3B005CE115 /* XCRemoteSwiftPackageReference "supabase-swift" */;
			productName = Supabase;
		};
		A1B2C3D4E5F6A7B8C9D0E1F3 /* Vortex */ = {
			isa = XCSwiftPackageProductDependency;
			package = A1B2C3D4E5F6A7B8C9D0E1F8 /* XCRemoteSwiftPackageReference "Vortex" */;
			productName = Vortex;
		};
		A1B2C3D4E5F6A7B8C9D0E1F5 /* Lottie */ = {
			isa = XCSwiftPackageProductDependency;
			package = A1B2C3D4E5F6A7B8C9D0E1F9 /* XCRemoteSwiftPackageReference "lottie-spm" */;
			productName = Lottie;
		};
/* End XCSwiftPackageProductDependency section */
	};
	rootObject = 0D2520672F57455E00219D62 /* Project object */;
}
